{
  "version": "4",
  "specifiers": {
    "npm:escalade@3.2.0": "3.2.0",
    "npm:find-cache-dir@5.0": "5.0.0",
    "npm:find-up-simple@1.0.0": "1.0.0",
    "npm:find-up@7.0.0": "7.0.0",
    "npm:locate-path@7.2": "7.2.0",
    "npm:oxc-minify@0.66": "0.66.0",
    "npm:oxc-transform@0.66": "0.66.0",
    "npm:package-up@5.0": "5.0.0",
    "npm:pkg-dir@8.0": "8.0.0",
    "npm:pkg-up@5.0": "5.0.0",
    "npm:resolve-cwd@3.0": "3.0.0",
    "npm:resolve-from@5.0": "5.0.0",
    "npm:uvu@0.5": "0.5.6"
  },
  "npm": {
    "@emnapi/core@1.4.3": {
      "integrity": "sha512-4m62DuCE07lw01soJwPiBGC0nAww0Q+RY70VZ+n49yDIO13yyinhbWCeNnaob0lakDtWQzSdtNWzJeOJt2ma+g==",
      "dependencies": [
        "@emnapi/wasi-threads",
        "tslib"
      ]
    },
    "@emnapi/runtime@1.4.3": {
      "integrity": "sha512-pBPWdu6MLKROBX05wSNKcNb++m5Er+KQ9QkB+WVM+pW2Kx9hoSrVTnu3BdkI5eBLZoKu/J6mW/B6i6bJB2ytXQ==",
      "dependencies": [
        "tslib"
      ]
    },
    "@emnapi/wasi-threads@1.0.2": {
      "integrity": "sha512-5n3nTJblwRi8LlXkJ9eBzu+kZR8Yxcc7ubakyQTFzPMtIhFpUBRbsnc2Dv88IZDIbCDlBiWrknhB4Lsz7mg6BA==",
      "dependencies": [
        "tslib"
      ]
    },
    "@napi-rs/wasm-runtime@0.2.9": {
      "integrity": "sha512-OKRBiajrrxB9ATokgEQoG87Z25c67pCpYcCwmXYX8PBftC9pBfN18gnm/fh1wurSLEKIAt+QRFLFCQISrb66Jg==",
      "dependencies": [
        "@emnapi/core",
        "@emnapi/runtime",
        "@tybys/wasm-util"
      ]
    },
    "@oxc-minify/binding-darwin-arm64@0.66.0": {
      "integrity": "sha512-0I+LCo5xwsUs9/iy8s7ygSeYKmBdjz6F/b2Q90kE2+uKoK6SgQrq3543lfij1nIn/cdwX26W046hYPqfVyXAlQ=="
    },
    "@oxc-minify/binding-darwin-x64@0.66.0": {
      "integrity": "sha512-yFK0k8UwSlAN0OrGcRxYe6jdjtTM/VdQfWppCyD2cUkussQs3yMooOVtlWmBE/Kn4kbxMXEFDqpPSlf31LndZw=="
    },
    "@oxc-minify/binding-linux-arm-gnueabihf@0.66.0": {
      "integrity": "sha512-QANbYJB1nETo43gGcuwcJtxvnX+744Y2XJrBlEfUgCahSMdQwsdomh3TkATmb1U0q5TAmnvuN9rRNIfguKCzww=="
    },
    "@oxc-minify/binding-linux-arm64-gnu@0.66.0": {
      "integrity": "sha512-77rR7Nu6anLa0LUOTU1wSeSgJVAsuE+IM65TncSlgGR9sHUhBEPq0svgwWzsrCR+0CtY2CsUDlRS948EFlaNCg=="
    },
    "@oxc-minify/binding-linux-arm64-musl@0.66.0": {
      "integrity": "sha512-aTPIhFqM92ikcZZ4NjFjs4M/Slzmj/geUHwBxLvoi7EBAE+87/s/zajSf/MdYvKS+Tv3U7BV3QOxOG6tulp7IQ=="
    },
    "@oxc-minify/binding-linux-x64-gnu@0.66.0": {
      "integrity": "sha512-m/AGlKASGi7no+Ca8esVIBV/ygIQbkf90zjxcdwxQ6KuzpzjCL/S9jYB80tegdUeIwzhDmnchybuqdAz7D6eMw=="
    },
    "@oxc-minify/binding-linux-x64-musl@0.66.0": {
      "integrity": "sha512-OgV76Ethw095xKSDVLuGh3D9UsvqZjwyjWmzpb7ZWL7/lnPy6jZrmSkyFLz+DGCuvwy3QvkT2xIpeMN927KIbw=="
    },
    "@oxc-minify/binding-wasm32-wasi@0.66.0": {
      "integrity": "sha512-pgUL9fAkhXZp81wB4pZIJ10BStQiun7xOUzPaxYbXW5RRceXXSnOqYWK61ifPW5/Am9GAi41m3/3k64yKhDmxw==",
      "dependencies": [
        "@napi-rs/wasm-runtime"
      ]
    },
    "@oxc-minify/binding-win32-arm64-msvc@0.66.0": {
      "integrity": "sha512-bsOSV04k2JJwelhWvsqO96WYhAvohPQhwx9W+djd6oVkvaZ2jEtYoeMLrCYo1P4VTvoO1n8U80cpC3lQ3fhS8Q=="
    },
    "@oxc-minify/binding-win32-x64-msvc@0.66.0": {
      "integrity": "sha512-jEcrCsm9LGcoQHtEQOzbBDOAe7GqKkDLVIB0qA0RBNUs+R12WuD5dpzTVCf9Cw/qY5f7fD3bIbPuqFBQfq131w=="
    },
    "@oxc-transform/binding-darwin-arm64@0.66.0": {
      "integrity": "sha512-EVaarR0u/ohSc66oOsMY+SIhLy0YXRIvVeCEoNKOQe+UCzDrd344YH0qxlfQ3EIGzUhf4NqBWuXvZTWJq4qdTA=="
    },
    "@oxc-transform/binding-darwin-x64@0.66.0": {
      "integrity": "sha512-nmvKnIsqkVAHfpQkdEoWYcYFSiPjWc5ioM4UfdJB3RbIdusoyqBJLywDec1PHE770lTfHxHccMy1vk2dr25cVw=="
    },
    "@oxc-transform/binding-linux-arm-gnueabihf@0.66.0": {
      "integrity": "sha512-RX94vb6+8JWylYuW0Restg6Gs7xxzmdZ96nHRSw281XPoHX94wHkGd8VMo7bUrPYsoRn5AmyIjH67gUNvsJiqw=="
    },
    "@oxc-transform/binding-linux-arm64-gnu@0.66.0": {
      "integrity": "sha512-KX2XLdeEnM8AxlL5IyylR0HkfEMD1z8OgNm3WKMB1CFxdJumni7EAPr1AlLVhvoiHyELk73Rrt6BR3+iVE3kEw=="
    },
    "@oxc-transform/binding-linux-arm64-musl@0.66.0": {
      "integrity": "sha512-fIiNlCEJFpVOWeFUVvEpfU06WShfseIsbNYmna9ah69XUYTivKYRelctLp3OGyUZusO0Hux6eA6vXj/K0X4NNA=="
    },
    "@oxc-transform/binding-linux-x64-gnu@0.66.0": {
      "integrity": "sha512-RawpLg84jX7EB5RORjPXycOqlYqSHS40oPewrcYrn6uNKmQKBjZZQ99p+hNj7QKoON6GxfAPGKmYxXMgFRNuNg=="
    },
    "@oxc-transform/binding-linux-x64-musl@0.66.0": {
      "integrity": "sha512-L5ftqB+nNVCcWhwfmhhWLVWfjII2WxmF6JbjiSoqJdsDBnb+EzlZKRk3pYhe9ESD2Kl5rhGCPSBcWkdqsmIreQ=="
    },
    "@oxc-transform/binding-wasm32-wasi@0.66.0": {
      "integrity": "sha512-8W8iifV4uvXP4n7qbsxHw3QzLib4F4Er3DOWqvjaSj/A0Ipyc4foX8mitVV6kJrh0DwP+Bcx6ohvawh9xN9AzQ==",
      "dependencies": [
        "@napi-rs/wasm-runtime"
      ]
    },
    "@oxc-transform/binding-win32-arm64-msvc@0.66.0": {
      "integrity": "sha512-E+dsoSIb9Ei/YSAZZGg4qLX7jiSbD/SzZEkxTl1pJpBVF9Dbq5D/9FcWe52qe3VegkUG2w8XwGmtaeeLikR/wA=="
    },
    "@oxc-transform/binding-win32-x64-msvc@0.66.0": {
      "integrity": "sha512-ZsIZeXr4Zexz/Sm4KoRlkjHda56eSCQizCM0E0fSyROwCjSiG+LT+L5czydBxietD1dZ4gSif8nMKzTMQrra7A=="
    },
    "@tybys/wasm-util@0.9.0": {
      "integrity": "sha512-6+7nlbMVX/PVDCwaIQ8nTOPveOcFLSt8GcXdx8hD0bt39uWxYT88uXzqTd4fTvqta7oeUJqudepapKNt2DYJFw==",
      "dependencies": [
        "tslib"
      ]
    },
    "common-path-prefix@3.0.0": {
      "integrity": "sha512-QE33hToZseCH3jS0qN96O/bSh3kaw/h+Tq7ngyY9eWDUnTlTNUyqfqvCXioLe5Na5jFsL78ra/wuBU4iuEgd4w=="
    },
    "dequal@2.0.3": {
      "integrity": "sha512-0je+qPKHEMohvfRTCEo3CrPG6cAzAYgmzKyxRiYSSDkS6eGJdyVJm7WaYA5ECaAD9wLB2T4EEeymA5aFVcYXCA=="
    },
    "diff@5.2.0": {
      "integrity": "sha512-uIFDxqpRZGZ6ThOk84hEfqWoHx2devRFvpTZcTHur85vImfaxUbTW9Ryh4CpCuDnToOP1CEtXKIgytHBPVff5A=="
    },
    "escalade@3.2.0": {
      "integrity": "sha512-WUj2qlxaQtO4g6Pq5c29GTcWGDyd8itL8zTlipgECz3JesAiiOKotd8JU6otB3PACgG6xkJUyVhboMS+bje/jA=="
    },
    "find-cache-dir@5.0.0": {
      "integrity": "sha512-OuWNfjfP05JcpAP3JPgAKUhWefjMRfI5iAoSsvE24ANYWJaepAtlSgWECSVEuRgSXpyNEc9DJwG/TZpgcOqyig==",
      "dependencies": [
        "common-path-prefix",
        "pkg-dir@7.0.0"
      ]
    },
    "find-up-simple@1.0.0": {
      "integrity": "sha512-q7Us7kcjj2VMePAa02hDAF6d+MzsdsAWEwYyOpwUtlerRBkOEPBCRZrAV4XfcSN8fHAgaD0hP7miwoay6DCprw=="
    },
    "find-up@6.3.0": {
      "integrity": "sha512-v2ZsoEuVHYy8ZIlYqwPe/39Cy+cFDzp4dXPaxNvkEuouymu+2Jbz0PxpKarJHYJTmv2HWT3O382qY8l4jMWthw==",
      "dependencies": [
        "locate-path",
        "path-exists"
      ]
    },
    "find-up@7.0.0": {
      "integrity": "sha512-YyZM99iHrqLKjmt4LJDj58KI+fYyufRLBSYcqycxf//KpBk9FoewoGX0450m9nB44qrZnovzC2oeP5hUibxc/g==",
      "dependencies": [
        "locate-path",
        "path-exists",
        "unicorn-magic"
      ]
    },
    "kleur@4.1.5": {
      "integrity": "sha512-o+NO+8WrRiQEE4/7nwRJhN1HWpVmJm511pBHUxPLtp0BUISzlBplORYSmTclCnJvQq2tKu/sgl3xVpkc7ZWuQQ=="
    },
    "locate-path@7.2.0": {
      "integrity": "sha512-gvVijfZvn7R+2qyPX8mAuKcFGDf6Nc61GdvGafQsHL0sBIxfKzA+usWn4GFC/bk+QdwPUD4kWFJLhElipq+0VA==",
      "dependencies": [
        "p-locate"
      ]
    },
    "mri@1.2.0": {
      "integrity": "sha512-tzzskb3bG8LvYGFF/mDTpq3jpI6Q9wc3LEmBaghu+DdCssd1FakN7Bc0hVNmEyGq1bq3RgfkCb3cmQLpNPOroA=="
    },
    "oxc-minify@0.66.0": {
      "integrity": "sha512-3aPq5UArLwI4/5OjvDYxr8YIpTVPGoQQlhm4/Lm4jscngxxDgsX5NdOJ8SHYX414BSC1VATra8rCqieBufTM9Q==",
      "dependencies": [
        "@oxc-minify/binding-darwin-arm64",
        "@oxc-minify/binding-darwin-x64",
        "@oxc-minify/binding-linux-arm-gnueabihf",
        "@oxc-minify/binding-linux-arm64-gnu",
        "@oxc-minify/binding-linux-arm64-musl",
        "@oxc-minify/binding-linux-x64-gnu",
        "@oxc-minify/binding-linux-x64-musl",
        "@oxc-minify/binding-wasm32-wasi",
        "@oxc-minify/binding-win32-arm64-msvc",
        "@oxc-minify/binding-win32-x64-msvc"
      ]
    },
    "oxc-transform@0.66.0": {
      "integrity": "sha512-vfs0oVJAAgX8GrZ5jO1sQp29c4HYSZ4MTtievyqawSeNpqF0yj69tpAwpDZ+MxYt3dqZ8lrGh9Ji80YlG0hpoA==",
      "dependencies": [
        "@oxc-transform/binding-darwin-arm64",
        "@oxc-transform/binding-darwin-x64",
        "@oxc-transform/binding-linux-arm-gnueabihf",
        "@oxc-transform/binding-linux-arm64-gnu",
        "@oxc-transform/binding-linux-arm64-musl",
        "@oxc-transform/binding-linux-x64-gnu",
        "@oxc-transform/binding-linux-x64-musl",
        "@oxc-transform/binding-wasm32-wasi",
        "@oxc-transform/binding-win32-arm64-msvc",
        "@oxc-transform/binding-win32-x64-msvc"
      ]
    },
    "p-limit@4.0.0": {
      "integrity": "sha512-5b0R4txpzjPWVw/cXXUResoD4hb6U/x9BH08L7nw+GN1sezDzPdxeRvpc9c433fZhBan/wusjbCsqwqm4EIBIQ==",
      "dependencies": [
        "yocto-queue"
      ]
    },
    "p-locate@6.0.0": {
      "integrity": "sha512-wPrq66Llhl7/4AGC6I+cqxT07LhXvWL08LNXz1fENOw0Ap4sRZZ/gZpTTJ5jpurzzzfS2W/Ge9BY3LgLjCShcw==",
      "dependencies": [
        "p-limit"
      ]
    },
    "package-up@5.0.0": {
      "integrity": "sha512-MQEgDUvXCa3sGvqHg3pzHO8e9gqTCMPVrWUko3vPQGntwegmFo52mZb2abIVTjFnUcW0BcPz0D93jV5Cas1DWA==",
      "dependencies": [
        "find-up-simple"
      ]
    },
    "path-exists@5.0.0": {
      "integrity": "sha512-RjhtfwJOxzcFmNOi6ltcbcu4Iu+FL3zEj83dk4kAS+fVpTxXLO1b38RvJgT/0QwvV/L3aY9TAnyv0EOqW4GoMQ=="
    },
    "pkg-dir@7.0.0": {
      "integrity": "sha512-Ie9z/WINcxxLp27BKOCHGde4ITq9UklYKDzVo1nhk5sqGEXU3FpkwP5GM2voTGJkGd9B3Otl+Q4uwSOeSUtOBA==",
      "dependencies": [
        "find-up@6.3.0"
      ]
    },
    "pkg-dir@8.0.0": {
      "integrity": "sha512-4peoBq4Wks0riS0z8741NVv+/8IiTvqnZAr8QGgtdifrtpdXbNw/FxRS1l6NFqm4EMzuS0EDqNNx4XGaz8cuyQ==",
      "dependencies": [
        "find-up-simple"
      ]
    },
    "pkg-up@5.0.0": {
      "integrity": "sha512-NbJJ+WABU/AKhl3ooFwMc3+dQi0StEYrFj1g+D7BlaE07pL98rBLP21XMfNyGlckzHOt4onU5OuLE1GNkQqVsA==",
      "dependencies": [
        "find-up@6.3.0"
      ]
    },
    "resolve-cwd@3.0.0": {
      "integrity": "sha512-OrZaX2Mb+rJCpH/6CpSqt9xFVpN++x01XnN2ie9g6P5/3xelLAkXWVADpdz1IHD/KFfEXyE6V0U01OQ3UO2rEg==",
      "dependencies": [
        "resolve-from"
      ]
    },
    "resolve-from@5.0.0": {
      "integrity": "sha512-qYg9KP24dD5qka9J47d0aVky0N+b4fTU89LN9iDnjB5waksiC49rvMB0PrUJQGoTmH50XPiqOvAjDfaijGxYZw=="
    },
    "sade@1.8.1": {
      "integrity": "sha512-xal3CZX1Xlo/k4ApwCFrHVACi9fBqJ7V+mwhBsuf/1IOKbBy098Fex+Wa/5QMubw09pSZ/u8EY8PWgevJsXp1A==",
      "dependencies": [
        "mri"
      ]
    },
    "tslib@2.8.1": {
      "integrity": "sha512-oJFu94HQb+KVduSUQL7wnpmqnfmLsOA/nAh6b6EH0wCEoK0/mPeXU6c3wKDV83MkOuHPRHtSXKKU99IBazS/2w=="
    },
    "unicorn-magic@0.1.0": {
      "integrity": "sha512-lRfVq8fE8gz6QMBuDM6a+LO3IAzTi05H6gCVaUpir2E1Rwpo4ZUog45KpNXKC/Mn3Yb9UDuHumeFTo9iV/D9FQ=="
    },
    "uvu@0.5.6": {
      "integrity": "sha512-+g8ENReyr8YsOc6fv/NVJs2vFdHBnBNdfE49rshrTzDWOlUx4Gq7KOS2GD8eqhy2j+Ejq29+SbKH8yjkAqXqoA==",
      "dependencies": [
        "dequal",
        "diff",
        "kleur",
        "sade"
      ]
    },
    "yocto-queue@1.2.1": {
      "integrity": "sha512-AyeEbWOu/TAXdxlV9wmGcR0+yh2j3vYPGOECcIj2S7MkrLyC7ne+oye2BKTItt0ii2PHk4cDy+95+LshzbXnGg=="
    }
  },
  "workspace": {
    "packageJson": {
      "dependencies": [
        "npm:uvu@0.5"
      ]
    }
  }
}
