{
  "version": "4",
  "specifiers": {
    "npm:escalade@3.2.0": "3.2.0",
    "npm:find-cache-dir@5.0": "5.0.0",
    "npm:find-up-simple@1.0.0": "1.0.0",
    "npm:find-up@7.0.0": "7.0.0",
    "npm:locate-path@7.2": "7.2.0",
    "npm:oxc-transform@0.30": "0.30.5",
    "npm:package-up@5.0": "5.0.0",
    "npm:pkg-dir@8.0": "8.0.0",
    "npm:pkg-up@5.0": "5.0.0",
    "npm:resolve-cwd@3.0": "3.0.0",
    "npm:resolve-from@5.0": "5.0.0",
    "npm:terser@5.31": "5.31.6",
    "npm:uvu@0.5": "0.5.6"
  },
  "npm": {
    "@jridgewell/gen-mapping@0.3.8": {
      "integrity": "sha512-imAbBGkb+ebQyxKgzv5Hu2nmROxoDOXHh80evxdoXNOrvAnVx7zimzc1Oo5h9RlfV4vPXaE2iM5pOFbvOCClWA==",
      "dependencies": [
        "@jridgewell/set-array",
        "@jridgewell/sourcemap-codec",
        "@jridgewell/trace-mapping"
      ]
    },
    "@jridgewell/resolve-uri@3.1.2": {
      "integrity": "sha512-bRISgCIjP20/tbWSPWMEi54QVPRZExkuD9lJL+UIxUKtwVJA8wW1Trb1jMs1RFXo1CBTNZ/5hpC9QvmKWdopKw=="
    },
    "@jridgewell/set-array@1.2.1": {
      "integrity": "sha512-R8gLRTZeyp03ymzP/6Lil/28tGeGEzhx1q2k703KGWRAI1VdvPIXdG70VJc2pAMw3NA6JKL5hhFu1sJX0Mnn/A=="
    },
    "@jridgewell/source-map@0.3.6": {
      "integrity": "sha512-1ZJTZebgqllO79ue2bm3rIGud/bOe0pP5BjSRCRxxYkEZS8STV7zN84UBbiYu7jy+eCKSnVIUgoWWE/tt+shMQ==",
      "dependencies": [
        "@jridgewell/gen-mapping",
        "@jridgewell/trace-mapping"
      ]
    },
    "@jridgewell/sourcemap-codec@1.5.0": {
      "integrity": "sha512-gv3ZRaISU3fjPAgNsriBRqGWQL6quFx04YMPW/zD8XMLsU32mhCCbfbO6KZFLjvYpCZ8zyDEgqsgf+PwPaM7GQ=="
    },
    "@jridgewell/trace-mapping@0.3.25": {
      "integrity": "sha512-vNk6aEwybGtawWmy/PzwnGDOjCkLWSD2wqvjGGAgOAwCGWySYXfYoxt00IJkTF+8Lb57DwOb3Aa0o9CApepiYQ==",
      "dependencies": [
        "@jridgewell/resolve-uri",
        "@jridgewell/sourcemap-codec"
      ]
    },
    "@oxc-transform/binding-darwin-arm64@0.30.5": {
      "integrity": "sha512-DBaBT9DbmtqQJrxoajYhbXhij/N7xKdH1L8pqeSFRiZcScdaHxsAspAl9nMU7xdRE0NYh67qrKeO3thsah25Xw=="
    },
    "@oxc-transform/binding-darwin-x64@0.30.5": {
      "integrity": "sha512-T2F7csIwWKug/1G7YRiZImAEL+90pt9DQbJVAqOXlGlWiHd4TlTaJZ28qXCDiRouCFMVjEEenbQuM0s+Cg5n3A=="
    },
    "@oxc-transform/binding-linux-arm64-gnu@0.30.5": {
      "integrity": "sha512-uW3JSY+Iaw67rfhN8NfpQd7vn1T00QIR7tI6Fj7cW6a+NweVWHMmm/BNTDtIbwg5U0VAlzs48fdNK1l4PbWGCQ=="
    },
    "@oxc-transform/binding-linux-arm64-musl@0.30.5": {
      "integrity": "sha512-cqa57svTkq5mKMGqTcmn4eEeFChO2y8Z3UPaUg2W9qpWa0VjYmBXbBFcKj7f/6nHg8S8i4GLP1JwNbZNNvCzsw=="
    },
    "@oxc-transform/binding-linux-x64-gnu@0.30.5": {
      "integrity": "sha512-sYAIKwpVXArXJDetF6NiKcselPxIdHD3sAlkWsfI1I7F6gRxqF+FucRP7IZi6ULDC4rLeyE9rW+NRBGD6N6mmQ=="
    },
    "@oxc-transform/binding-linux-x64-musl@0.30.5": {
      "integrity": "sha512-JrwvyOSNjOTG48Fu51WSWWWWGU1abs3RHtQ9NJTLE5dZsvqCe/A1qJSaCJskEuqRcDf++6yO3gXSg8q/JAn3rg=="
    },
    "@oxc-transform/binding-win32-arm64-msvc@0.30.5": {
      "integrity": "sha512-EXjLTyuFdpna949GkkytWs8v6SGG/xuYRprZWNhTv8oBaxBTEUiHW4dhuNkEYa/WyA4PWQJx+cN8vllnhOchkQ=="
    },
    "@oxc-transform/binding-win32-x64-msvc@0.30.5": {
      "integrity": "sha512-vKBHInTCqC70oGFnZTKgcC7EeJ7On0QWmyTZwtn6snOW9UP6eCs/xpKfDmp4ZWUxiAV4EikXbXuy0snl5Spm8Q=="
    },
    "acorn@8.14.1": {
      "integrity": "sha512-OvQ/2pUDKmgfCg++xsTX1wGxfTaszcHVcTctW4UJB4hibJx2HXxxO5UmVgyjMa+ZDsiaf5wWLXYpRWMmBI0QHg=="
    },
    "buffer-from@1.1.2": {
      "integrity": "sha512-E+XQCRwSbaaiChtv6k6Dwgc+bx+Bs6vuKJHHl5kox/BaKbhiXzqQOwK4cO22yElGp2OCmjwVhT3HmxgyPGnJfQ=="
    },
    "commander@2.20.3": {
      "integrity": "sha512-GpVkmM8vF2vQUkj2LvZmD35JxeJOLCwJ9cUkugyk2nuhbv3+mJvpLYYt+0+USMxE+oj+ey/lJEnhZw75x/OMcQ=="
    },
    "common-path-prefix@3.0.0": {
      "integrity": "sha512-QE33hToZseCH3jS0qN96O/bSh3kaw/h+Tq7ngyY9eWDUnTlTNUyqfqvCXioLe5Na5jFsL78ra/wuBU4iuEgd4w=="
    },
    "dequal@2.0.3": {
      "integrity": "sha512-0je+qPKHEMohvfRTCEo3CrPG6cAzAYgmzKyxRiYSSDkS6eGJdyVJm7WaYA5ECaAD9wLB2T4EEeymA5aFVcYXCA=="
    },
    "diff@5.2.0": {
      "integrity": "sha512-uIFDxqpRZGZ6ThOk84hEfqWoHx2devRFvpTZcTHur85vImfaxUbTW9Ryh4CpCuDnToOP1CEtXKIgytHBPVff5A=="
    },
    "escalade@3.2.0": {
      "integrity": "sha512-WUj2qlxaQtO4g6Pq5c29GTcWGDyd8itL8zTlipgECz3JesAiiOKotd8JU6otB3PACgG6xkJUyVhboMS+bje/jA=="
    },
    "find-cache-dir@5.0.0": {
      "integrity": "sha512-OuWNfjfP05JcpAP3JPgAKUhWefjMRfI5iAoSsvE24ANYWJaepAtlSgWECSVEuRgSXpyNEc9DJwG/TZpgcOqyig==",
      "dependencies": [
        "common-path-prefix",
        "pkg-dir@7.0.0"
      ]
    },
    "find-up-simple@1.0.0": {
      "integrity": "sha512-q7Us7kcjj2VMePAa02hDAF6d+MzsdsAWEwYyOpwUtlerRBkOEPBCRZrAV4XfcSN8fHAgaD0hP7miwoay6DCprw=="
    },
    "find-up@6.3.0": {
      "integrity": "sha512-v2ZsoEuVHYy8ZIlYqwPe/39Cy+cFDzp4dXPaxNvkEuouymu+2Jbz0PxpKarJHYJTmv2HWT3O382qY8l4jMWthw==",
      "dependencies": [
        "locate-path",
        "path-exists"
      ]
    },
    "find-up@7.0.0": {
      "integrity": "sha512-YyZM99iHrqLKjmt4LJDj58KI+fYyufRLBSYcqycxf//KpBk9FoewoGX0450m9nB44qrZnovzC2oeP5hUibxc/g==",
      "dependencies": [
        "locate-path",
        "path-exists",
        "unicorn-magic"
      ]
    },
    "kleur@4.1.5": {
      "integrity": "sha512-o+NO+8WrRiQEE4/7nwRJhN1HWpVmJm511pBHUxPLtp0BUISzlBplORYSmTclCnJvQq2tKu/sgl3xVpkc7ZWuQQ=="
    },
    "locate-path@7.2.0": {
      "integrity": "sha512-gvVijfZvn7R+2qyPX8mAuKcFGDf6Nc61GdvGafQsHL0sBIxfKzA+usWn4GFC/bk+QdwPUD4kWFJLhElipq+0VA==",
      "dependencies": [
        "p-locate"
      ]
    },
    "mri@1.2.0": {
      "integrity": "sha512-tzzskb3bG8LvYGFF/mDTpq3jpI6Q9wc3LEmBaghu+DdCssd1FakN7Bc0hVNmEyGq1bq3RgfkCb3cmQLpNPOroA=="
    },
    "oxc-transform@0.30.5": {
      "integrity": "sha512-6LxAZx298Y2DK/5I7xdX2dC8G1IEHREL9oMy2elPVoP67s9FHcdAwGVKlcjkISlCfG22YAISYAhxKAdWS7hXhg==",
      "dependencies": [
        "@oxc-transform/binding-darwin-arm64",
        "@oxc-transform/binding-darwin-x64",
        "@oxc-transform/binding-linux-arm64-gnu",
        "@oxc-transform/binding-linux-arm64-musl",
        "@oxc-transform/binding-linux-x64-gnu",
        "@oxc-transform/binding-linux-x64-musl",
        "@oxc-transform/binding-win32-arm64-msvc",
        "@oxc-transform/binding-win32-x64-msvc"
      ]
    },
    "p-limit@4.0.0": {
      "integrity": "sha512-5b0R4txpzjPWVw/cXXUResoD4hb6U/x9BH08L7nw+GN1sezDzPdxeRvpc9c433fZhBan/wusjbCsqwqm4EIBIQ==",
      "dependencies": [
        "yocto-queue"
      ]
    },
    "p-locate@6.0.0": {
      "integrity": "sha512-wPrq66Llhl7/4AGC6I+cqxT07LhXvWL08LNXz1fENOw0Ap4sRZZ/gZpTTJ5jpurzzzfS2W/Ge9BY3LgLjCShcw==",
      "dependencies": [
        "p-limit"
      ]
    },
    "package-up@5.0.0": {
      "integrity": "sha512-MQEgDUvXCa3sGvqHg3pzHO8e9gqTCMPVrWUko3vPQGntwegmFo52mZb2abIVTjFnUcW0BcPz0D93jV5Cas1DWA==",
      "dependencies": [
        "find-up-simple"
      ]
    },
    "path-exists@5.0.0": {
      "integrity": "sha512-RjhtfwJOxzcFmNOi6ltcbcu4Iu+FL3zEj83dk4kAS+fVpTxXLO1b38RvJgT/0QwvV/L3aY9TAnyv0EOqW4GoMQ=="
    },
    "pkg-dir@7.0.0": {
      "integrity": "sha512-Ie9z/WINcxxLp27BKOCHGde4ITq9UklYKDzVo1nhk5sqGEXU3FpkwP5GM2voTGJkGd9B3Otl+Q4uwSOeSUtOBA==",
      "dependencies": [
        "find-up@6.3.0"
      ]
    },
    "pkg-dir@8.0.0": {
      "integrity": "sha512-4peoBq4Wks0riS0z8741NVv+/8IiTvqnZAr8QGgtdifrtpdXbNw/FxRS1l6NFqm4EMzuS0EDqNNx4XGaz8cuyQ==",
      "dependencies": [
        "find-up-simple"
      ]
    },
    "pkg-up@5.0.0": {
      "integrity": "sha512-NbJJ+WABU/AKhl3ooFwMc3+dQi0StEYrFj1g+D7BlaE07pL98rBLP21XMfNyGlckzHOt4onU5OuLE1GNkQqVsA==",
      "dependencies": [
        "find-up@6.3.0"
      ]
    },
    "resolve-cwd@3.0.0": {
      "integrity": "sha512-OrZaX2Mb+rJCpH/6CpSqt9xFVpN++x01XnN2ie9g6P5/3xelLAkXWVADpdz1IHD/KFfEXyE6V0U01OQ3UO2rEg==",
      "dependencies": [
        "resolve-from"
      ]
    },
    "resolve-from@5.0.0": {
      "integrity": "sha512-qYg9KP24dD5qka9J47d0aVky0N+b4fTU89LN9iDnjB5waksiC49rvMB0PrUJQGoTmH50XPiqOvAjDfaijGxYZw=="
    },
    "sade@1.8.1": {
      "integrity": "sha512-xal3CZX1Xlo/k4ApwCFrHVACi9fBqJ7V+mwhBsuf/1IOKbBy098Fex+Wa/5QMubw09pSZ/u8EY8PWgevJsXp1A==",
      "dependencies": [
        "mri"
      ]
    },
    "source-map-support@0.5.21": {
      "integrity": "sha512-uBHU3L3czsIyYXKX88fdrGovxdSCoTGDRZ6SYXtSRxLZUzHg5P/66Ht6uoUlHu9EZod+inXhKo3qQgwXUT/y1w==",
      "dependencies": [
        "buffer-from",
        "source-map"
      ]
    },
    "source-map@0.6.1": {
      "integrity": "sha512-UjgapumWlbMhkBgzT7Ykc5YXUT46F0iKu8SGXq0bcwP5dz/h0Plj6enJqjz1Zbq2l5WaqYnrVbwWOWMyF3F47g=="
    },
    "terser@5.31.6": {
      "integrity": "sha512-PQ4DAriWzKj+qgehQ7LK5bQqCFNMmlhjR2PFFLuqGCpuCAauxemVBWwWOxo3UIwWQx8+Pr61Df++r76wDmkQBg==",
      "dependencies": [
        "@jridgewell/source-map",
        "acorn",
        "commander",
        "source-map-support"
      ]
    },
    "unicorn-magic@0.1.0": {
      "integrity": "sha512-lRfVq8fE8gz6QMBuDM6a+LO3IAzTi05H6gCVaUpir2E1Rwpo4ZUog45KpNXKC/Mn3Yb9UDuHumeFTo9iV/D9FQ=="
    },
    "uvu@0.5.6": {
      "integrity": "sha512-+g8ENReyr8YsOc6fv/NVJs2vFdHBnBNdfE49rshrTzDWOlUx4Gq7KOS2GD8eqhy2j+Ejq29+SbKH8yjkAqXqoA==",
      "dependencies": [
        "dequal",
        "diff",
        "kleur",
        "sade"
      ]
    },
    "yocto-queue@1.2.1": {
      "integrity": "sha512-AyeEbWOu/TAXdxlV9wmGcR0+yh2j3vYPGOECcIj2S7MkrLyC7ne+oye2BKTItt0ii2PHk4cDy+95+LshzbXnGg=="
    }
  },
  "workspace": {
    "packageJson": {
      "dependencies": [
        "npm:uvu@0.5"
      ]
    }
  }
}
